// !$*UTF8*$!
{
	archiveVersion = 1;
	classes = {
	};
	objectVersion = 54;
	objects = {

/* Begin PBXBuildFile section */
		8E0007672B294CC1006C7D2A /* RequestViewController.swift in Sources */ = {isa = PBXBuildFile; fileRef = 8E0007652B294CBF006C7D2A /* RequestViewController.swift */; };
		8E0007682B294CC1006C7D2A /* InteractiveViewController.swift in Sources */ = {isa = PBXBuildFile; fileRef = 8E0007662B294CC0006C7D2A /* InteractiveViewController.swift */; };
		8E2C4B712DDC2D3900109E5E /* UMengPushHelper.swift in Sources */ = {isa = PBXBuildFile; fileRef = 8E2C4B6F2DDC2D3900109E5E /* UMengPushHelper.swift */; };
		8E344A3C265BCA87008AF1BA /* AppBaseNavigationController.swift in Sources */ = {isa = PBXBuildFile; fileRef = 8E344A3A265BCA85008AF1BA /* AppBaseNavigationController.swift */; };
		8E344A3D265BCA87008AF1BA /* AppBaseViewController.swift in Sources */ = {isa = PBXBuildFile; fileRef = 8E344A3B265BCA87008AF1BA /* AppBaseViewController.swift */; };
		8E344A41265BCAF7008AF1BA /* Const.swift in Sources */ = {isa = PBXBuildFile; fileRef = 8E344A40265BCAF7008AF1BA /* Const.swift */; };
		8E344A6C265BD03D008AF1BA /* AppTabbarViewController.swift in Sources */ = {isa = PBXBuildFile; fileRef = 8E344A6B265BD03D008AF1BA /* AppTabbarViewController.swift */; };
		8E344A70265BD115008AF1BA /* AppWebViewController.swift in Sources */ = {isa = PBXBuildFile; fileRef = 8E344A6F265BD115008AF1BA /* AppWebViewController.swift */; };
		8E344A7E265BD437008AF1BA /* UIImageView+Extension.swift in Sources */ = {isa = PBXBuildFile; fileRef = 8E344A73265BD437008AF1BA /* UIImageView+Extension.swift */; };
		8E344A7F265BD437008AF1BA /* Array+NSLayoutConstraint.swift in Sources */ = {isa = PBXBuildFile; fileRef = 8E344A74265BD437008AF1BA /* Array+NSLayoutConstraint.swift */; };
		8E344A80265BD437008AF1BA /* UIColor+Extension.swift in Sources */ = {isa = PBXBuildFile; fileRef = 8E344A75265BD437008AF1BA /* UIColor+Extension.swift */; };
		8E344A81265BD437008AF1BA /* Int+Extension.swift in Sources */ = {isa = PBXBuildFile; fileRef = 8E344A76265BD437008AF1BA /* Int+Extension.swift */; };
		8E344A82265BD437008AF1BA /* Date+Extension.swift in Sources */ = {isa = PBXBuildFile; fileRef = 8E344A77265BD437008AF1BA /* Date+Extension.swift */; };
		8E344A83265BD437008AF1BA /* UIButton+Extension.swift in Sources */ = {isa = PBXBuildFile; fileRef = 8E344A78265BD437008AF1BA /* UIButton+Extension.swift */; };
		8E344A84265BD437008AF1BA /* UIView+Extension.swift in Sources */ = {isa = PBXBuildFile; fileRef = 8E344A79265BD437008AF1BA /* UIView+Extension.swift */; };
		8E344A86265BD437008AF1BA /* String+Extension.swift in Sources */ = {isa = PBXBuildFile; fileRef = 8E344A7B265BD437008AF1BA /* String+Extension.swift */; };
		8E344A87265BD437008AF1BA /* UIBarButtonItem+Extension.swift in Sources */ = {isa = PBXBuildFile; fileRef = 8E344A7C265BD437008AF1BA /* UIBarButtonItem+Extension.swift */; };
		8E344A88265BD437008AF1BA /* CAGradientLayer+Extension.swift in Sources */ = {isa = PBXBuildFile; fileRef = 8E344A7D265BD437008AF1BA /* CAGradientLayer+Extension.swift */; };
		8E6AD16C281548AB00BD50F6 /* YLZRouteCodeCell.swift in Sources */ = {isa = PBXBuildFile; fileRef = 8E6AD16B281548AB00BD50F6 /* YLZRouteCodeCell.swift */; };
		8E6AD16E2816387D00BD50F6 /* YLZRouteCodeView.swift in Sources */ = {isa = PBXBuildFile; fileRef = 8E6AD16D2816387D00BD50F6 /* YLZRouteCodeView.swift */; };
		8E6AD17028163D0000BD50F6 /* YLZRouteCodeCellView.swift in Sources */ = {isa = PBXBuildFile; fileRef = 8E6AD16F28163D0000BD50F6 /* YLZRouteCodeCellView.swift */; };
		8E6AD17228164BE800BD50F6 /* YLZRouteCodeCellInfoView.swift in Sources */ = {isa = PBXBuildFile; fileRef = 8E6AD17128164BE800BD50F6 /* YLZRouteCodeCellInfoView.swift */; };
		8E6AD17428164D0E00BD50F6 /* YLZRouteCodeCellBottomView.swift in Sources */ = {isa = PBXBuildFile; fileRef = 8E6AD17328164D0E00BD50F6 /* YLZRouteCodeCellBottomView.swift */; };
		8E6AD1762816768D00BD50F6 /* YLZRouteCodeLoadingCell.swift in Sources */ = {isa = PBXBuildFile; fileRef = 8E6AD1752816768D00BD50F6 /* YLZRouteCodeLoadingCell.swift */; };
		8E6AD1782816777000BD50F6 /* YLZRouteCodeCellLoadingView.swift in Sources */ = {isa = PBXBuildFile; fileRef = 8E6AD1772816777000BD50F6 /* YLZRouteCodeCellLoadingView.swift */; };
		8E78C8122814F3CA00D6C59F /* YLZRouteCodeViewController.swift in Sources */ = {isa = PBXBuildFile; fileRef = 8E78C8112814F3CA00D6C59F /* YLZRouteCodeViewController.swift */; };
		8E78C8162814F92A00D6C59F /* YLZRouteCodeInfoCell.swift in Sources */ = {isa = PBXBuildFile; fileRef = 8E78C8152814F92A00D6C59F /* YLZRouteCodeInfoCell.swift */; };
		8E78C8182814FAD300D6C59F /* YLZRouteCodeTableFooterView.swift in Sources */ = {isa = PBXBuildFile; fileRef = 8E78C8172814FAD300D6C59F /* YLZRouteCodeTableFooterView.swift */; };
		8E78C81A2814FAEC00D6C59F /* YLZRouteCodeTableHeaderView.swift in Sources */ = {isa = PBXBuildFile; fileRef = 8E78C8192814FAEC00D6C59F /* YLZRouteCodeTableHeaderView.swift */; };
		8E78C81C2814FB3700D6C59F /* YLZFunctionModel.swift in Sources */ = {isa = PBXBuildFile; fileRef = 8E78C81B2814FB3700D6C59F /* YLZFunctionModel.swift */; };
		8E78C81E2815334000D6C59F /* YLZRouteCodeRecordCell.swift in Sources */ = {isa = PBXBuildFile; fileRef = 8E78C81D2815334000D6C59F /* YLZRouteCodeRecordCell.swift */; };
		8E95E6A22D803248005FF900 /* member_plus.svg in Resources */ = {isa = PBXBuildFile; fileRef = 8E95E6A12D803248005FF900 /* member_plus.svg */; };
		8EA21E9D27002E2000A9039B /* YLZHealthCodeViewController.swift in Sources */ = {isa = PBXBuildFile; fileRef = 8EA21E9C27002E2000A9039B /* YLZHealthCodeViewController.swift */; };
		8EA21E9F27002E4200A9039B /* YLZHealthCodeView.swift in Sources */ = {isa = PBXBuildFile; fileRef = 8EA21E9E27002E4200A9039B /* YLZHealthCodeView.swift */; };
		8EA21EA127002E5100A9039B /* YLZHealthCodeTableFooterView.swift in Sources */ = {isa = PBXBuildFile; fileRef = 8EA21EA027002E5100A9039B /* YLZHealthCodeTableFooterView.swift */; };
		8EA21EA327002E6300A9039B /* YLZHealthCodeInfoTableViewCell.swift in Sources */ = {isa = PBXBuildFile; fileRef = 8EA21EA227002E6300A9039B /* YLZHealthCodeInfoTableViewCell.swift */; };
		8EA21EA527002E7400A9039B /* YLZHealthCodeTableViewCell.swift in Sources */ = {isa = PBXBuildFile; fileRef = 8EA21EA427002E7400A9039B /* YLZHealthCodeTableViewCell.swift */; };
		8EA21EA727002E8900A9039B /* YLZHealthCodeCheckTableViewCell.swift in Sources */ = {isa = PBXBuildFile; fileRef = 8EA21EA627002E8900A9039B /* YLZHealthCodeCheckTableViewCell.swift */; };
		8EA21EA927002E9A00A9039B /* YLZHealthCodeServiceTableViewCell.swift in Sources */ = {isa = PBXBuildFile; fileRef = 8EA21EA827002E9A00A9039B /* YLZHealthCodeServiceTableViewCell.swift */; };
		8EA21EAB27002EAA00A9039B /* YLZHealthCodeSourceTableViewCell.swift in Sources */ = {isa = PBXBuildFile; fileRef = 8EA21EAA27002EAA00A9039B /* YLZHealthCodeSourceTableViewCell.swift */; };
		8EA21EAD27002EC300A9039B /* YLZHealthCodeCollectionViewCell.swift in Sources */ = {isa = PBXBuildFile; fileRef = 8EA21EAC27002EC300A9039B /* YLZHealthCodeCollectionViewCell.swift */; };
		8EA21EB02700344F00A9039B /* YLZFont.swift in Sources */ = {isa = PBXBuildFile; fileRef = 8EA21EAF2700344F00A9039B /* YLZFont.swift */; };
		8EA21EB22700596400A9039B /* YLZPaddingLabel.swift in Sources */ = {isa = PBXBuildFile; fileRef = 8EA21EB12700596400A9039B /* YLZPaddingLabel.swift */; };
		8EAF367D2DF95F1D00645B1E /* HrssViewController.swift in Sources */ = {isa = PBXBuildFile; fileRef = 8EAF367C2DF95F1300645B1E /* HrssViewController.swift */; };
		8EAF36802DF9630900645B1E /* HrssTableHeaderView.swift in Sources */ = {isa = PBXBuildFile; fileRef = 8EAF367F2DF9630900645B1E /* HrssTableHeaderView.swift */; };
		8EAF36822DF9639D00645B1E /* HrssNoticeTableViewCell.swift in Sources */ = {isa = PBXBuildFile; fileRef = 8EAF36812DF9639D00645B1E /* HrssNoticeTableViewCell.swift */; };
		8EAF36842DF963AE00645B1E /* HrssTopicTableViewCell.swift in Sources */ = {isa = PBXBuildFile; fileRef = 8EAF36832DF963A600645B1E /* HrssTopicTableViewCell.swift */; };
		8EAF36862DF963B900645B1E /* HrssEasyManTableViewCell.swift in Sources */ = {isa = PBXBuildFile; fileRef = 8EAF36852DF963B300645B1E /* HrssEasyManTableViewCell.swift */; };
		8EAF36882DF963C400645B1E /* HrssAllDoTableViewCell.swift in Sources */ = {isa = PBXBuildFile; fileRef = 8EAF36872DF963BE00645B1E /* HrssAllDoTableViewCell.swift */; };
		8EAF36902DF9816D00645B1E /* HrssFuncCollectionViewCell.swift in Sources */ = {isa = PBXBuildFile; fileRef = 8EAF368F2DF9816300645B1E /* HrssFuncCollectionViewCell.swift */; };
		8EAF36932DF986DE00645B1E /* HrssModel.swift in Sources */ = {isa = PBXBuildFile; fileRef = 8EAF36922DF986DD00645B1E /* HrssModel.swift */; };
		8EAF36AE2DFAA57B00645B1E /* HrssEasyManCollectionViewCell.swift in Sources */ = {isa = PBXBuildFile; fileRef = 8EAF36AD2DFAA57B00645B1E /* HrssEasyManCollectionViewCell.swift */; };
		8EAF36B02DFAA9FA00645B1E /* HrssAllDoSonTableViewCell.swift in Sources */ = {isa = PBXBuildFile; fileRef = 8EAF36AF2DFAA9F300645B1E /* HrssAllDoSonTableViewCell.swift */; };
		8EBD6DF1265E1C3500DD856A /* YLZMSTabBar.swift in Sources */ = {isa = PBXBuildFile; fileRef = 8EBD6DF0265E1C3500DD856A /* YLZMSTabBar.swift */; };
		8EC07F3B2B240A1800F7EBF5 /* HiModel.swift in Sources */ = {isa = PBXBuildFile; fileRef = 8EC07F3A2B240A1700F7EBF5 /* HiModel.swift */; };
		8EC07F3D2B247D7600F7EBF5 /* EventChannelManager.swift in Sources */ = {isa = PBXBuildFile; fileRef = 8EC07F3C2B247D7600F7EBF5 /* EventChannelManager.swift */; };
		8ECCBE3D2BFC7C7800761070 /* A.swift in Sources */ = {isa = PBXBuildFile; fileRef = 8ECCBE3C2BFC7C7800761070 /* A.swift */; };
		8ECCBE3F2BFC7C8300761070 /* B.swift in Sources */ = {isa = PBXBuildFile; fileRef = 8ECCBE3E2BFC7C8300761070 /* B.swift */; };
		8EE07B3A27016A66005B0B40 /* YLZView.swift in Sources */ = {isa = PBXBuildFile; fileRef = 8EE07B3927016A66005B0B40 /* YLZView.swift */; };
		8EE07B3E27016EB3005B0B40 /* UIImage+Extension.swift in Sources */ = {isa = PBXBuildFile; fileRef = 8EE07B3D27016EB3005B0B40 /* UIImage+Extension.swift */; };
		8EE07B4027017D78005B0B40 /* YLZString.swift in Sources */ = {isa = PBXBuildFile; fileRef = 8EE07B3F27017D78005B0B40 /* YLZString.swift */; };
		8EFB12DA265BB46C007D9FE1 /* AppDelegate.swift in Sources */ = {isa = PBXBuildFile; fileRef = 8EFB12D9265BB46C007D9FE1 /* AppDelegate.swift */; };
		8EFB12DE265BB46C007D9FE1 /* ViewController.swift in Sources */ = {isa = PBXBuildFile; fileRef = 8EFB12DD265BB46C007D9FE1 /* ViewController.swift */; };
		8EFB12E3265BB46D007D9FE1 /* Assets.xcassets in Resources */ = {isa = PBXBuildFile; fileRef = 8EFB12E2265BB46D007D9FE1 /* Assets.xcassets */; };
		8EFB12E6265BB46D007D9FE1 /* LaunchScreen.storyboard in Resources */ = {isa = PBXBuildFile; fileRef = 8EFB12E4265BB46D007D9FE1 /* LaunchScreen.storyboard */; };
		8EFFDA122828B596000EA7D6 /* HiMarqueeView.swift in Sources */ = {isa = PBXBuildFile; fileRef = 8EFFDA0E2828B595000EA7D6 /* HiMarqueeView.swift */; };
		8EFFDA132828B596000EA7D6 /* HiCarouselView.swift in Sources */ = {isa = PBXBuildFile; fileRef = 8EFFDA0F2828B595000EA7D6 /* HiCarouselView.swift */; };
		8EFFDA142828B596000EA7D6 /* HiOccupationView.swift in Sources */ = {isa = PBXBuildFile; fileRef = 8EFFDA102828B596000EA7D6 /* HiOccupationView.swift */; };
		8EFFDA152828B596000EA7D6 /* HiMarqueeViewCell.swift in Sources */ = {isa = PBXBuildFile; fileRef = 8EFFDA112828B596000EA7D6 /* HiMarqueeViewCell.swift */; };
		8EFFDA282828B61F000EA7D6 /* HiToast.swift in Sources */ = {isa = PBXBuildFile; fileRef = 8EFFDA182828B61F000EA7D6 /* HiToast.swift */; };
		8EFFDA292828B61F000EA7D6 /* HiHudToast.swift in Sources */ = {isa = PBXBuildFile; fileRef = 8EFFDA192828B61F000EA7D6 /* HiHudToast.swift */; };
		8EFFDA2A2828B61F000EA7D6 /* HiPageHelper.swift in Sources */ = {isa = PBXBuildFile; fileRef = 8EFFDA1B2828B61F000EA7D6 /* HiPageHelper.swift */; };
		8EFFDA2C2828B61F000EA7D6 /* HiRegularHelper.swift in Sources */ = {isa = PBXBuildFile; fileRef = 8EFFDA1E2828B61F000EA7D6 /* HiRegularHelper.swift */; };
		8EFFDA2D2828B61F000EA7D6 /* HiJsonStrHelper.swift in Sources */ = {isa = PBXBuildFile; fileRef = 8EFFDA202828B61F000EA7D6 /* HiJsonStrHelper.swift */; };
		8EFFDA2E2828B61F000EA7D6 /* HiJsonLoadHelper.swift in Sources */ = {isa = PBXBuildFile; fileRef = 8EFFDA212828B61F000EA7D6 /* HiJsonLoadHelper.swift */; };
		8EFFDA2F2828B61F000EA7D6 /* HiAssetsHelper.swift in Sources */ = {isa = PBXBuildFile; fileRef = 8EFFDA232828B61F000EA7D6 /* HiAssetsHelper.swift */; };
		8EFFDA302828B61F000EA7D6 /* HiAppInfoHelper.swift in Sources */ = {isa = PBXBuildFile; fileRef = 8EFFDA252828B61F000EA7D6 /* HiAppInfoHelper.swift */; };
		8EFFDA312828B61F000EA7D6 /* HiLoginHelper.swift in Sources */ = {isa = PBXBuildFile; fileRef = 8EFFDA272828B61F000EA7D6 /* HiLoginHelper.swift */; };
		8EFFDA69282A4A62000EA7D6 /* HiAlamofire.swift in Sources */ = {isa = PBXBuildFile; fileRef = 8EFFDA63282A4A62000EA7D6 /* HiAlamofire.swift */; };
		8EFFDA6A282A4A62000EA7D6 /* HiAPIConst.swift in Sources */ = {isa = PBXBuildFile; fileRef = 8EFFDA65282A4A62000EA7D6 /* HiAPIConst.swift */; };
		8EFFDA6B282A4A62000EA7D6 /* HiApiConfig.swift in Sources */ = {isa = PBXBuildFile; fileRef = 8EFFDA66282A4A62000EA7D6 /* HiApiConfig.swift */; };
		8EFFDA6C282A4A63000EA7D6 /* HiAPI.swift in Sources */ = {isa = PBXBuildFile; fileRef = 8EFFDA67282A4A62000EA7D6 /* HiAPI.swift */; };
		8EFFDA6D282A4A63000EA7D6 /* HiApiConfigPlugin.swift in Sources */ = {isa = PBXBuildFile; fileRef = 8EFFDA68282A4A62000EA7D6 /* HiApiConfigPlugin.swift */; };
		92517691E6A6C0953452DAFC /* Pods_SwiftProject.framework in Frameworks */ = {isa = PBXBuildFile; fileRef = 1F49EC176A0FC65056AB9AFF /* Pods_SwiftProject.framework */; };
/* End PBXBuildFile section */

/* Begin PBXFileReference section */
		1F49EC176A0FC65056AB9AFF /* Pods_SwiftProject.framework */ = {isa = PBXFileReference; explicitFileType = wrapper.framework; includeInIndex = 0; path = Pods_SwiftProject.framework; sourceTree = BUILT_PRODUCTS_DIR; };
		3C4D30EB616FAE162F5B05E2 /* Pods-SwiftProject.debug.xcconfig */ = {isa = PBXFileReference; includeInIndex = 1; lastKnownFileType = text.xcconfig; name = "Pods-SwiftProject.debug.xcconfig"; path = "Target Support Files/Pods-SwiftProject/Pods-SwiftProject.debug.xcconfig"; sourceTree = "<group>"; };
		8E0007652B294CBF006C7D2A /* RequestViewController.swift */ = {isa = PBXFileReference; fileEncoding = 4; lastKnownFileType = sourcecode.swift; path = RequestViewController.swift; sourceTree = "<group>"; };
		8E0007662B294CC0006C7D2A /* InteractiveViewController.swift */ = {isa = PBXFileReference; fileEncoding = 4; lastKnownFileType = sourcecode.swift; path = InteractiveViewController.swift; sourceTree = "<group>"; };
		8E2C4B6D2DDC2CA400109E5E /* SwiftProject-Bridging-Header.h */ = {isa = PBXFileReference; lastKnownFileType = sourcecode.c.h; path = "SwiftProject-Bridging-Header.h"; sourceTree = "<group>"; };
		8E2C4B6E2DDC2D1000109E5E /* SwiftProject.entitlements */ = {isa = PBXFileReference; lastKnownFileType = text.plist.entitlements; path = SwiftProject.entitlements; sourceTree = "<group>"; };
		8E2C4B6F2DDC2D3900109E5E /* UMengPushHelper.swift */ = {isa = PBXFileReference; lastKnownFileType = sourcecode.swift; path = UMengPushHelper.swift; sourceTree = "<group>"; };
		8E344A3A265BCA85008AF1BA /* AppBaseNavigationController.swift */ = {isa = PBXFileReference; fileEncoding = 4; lastKnownFileType = sourcecode.swift; path = AppBaseNavigationController.swift; sourceTree = "<group>"; };
		8E344A3B265BCA87008AF1BA /* AppBaseViewController.swift */ = {isa = PBXFileReference; fileEncoding = 4; lastKnownFileType = sourcecode.swift; path = AppBaseViewController.swift; sourceTree = "<group>"; };
		8E344A40265BCAF7008AF1BA /* Const.swift */ = {isa = PBXFileReference; lastKnownFileType = sourcecode.swift; path = Const.swift; sourceTree = "<group>"; };
		8E344A6B265BD03D008AF1BA /* AppTabbarViewController.swift */ = {isa = PBXFileReference; lastKnownFileType = sourcecode.swift; path = AppTabbarViewController.swift; sourceTree = "<group>"; };
		8E344A6F265BD115008AF1BA /* AppWebViewController.swift */ = {isa = PBXFileReference; lastKnownFileType = sourcecode.swift; path = AppWebViewController.swift; sourceTree = "<group>"; };
		8E344A73265BD437008AF1BA /* UIImageView+Extension.swift */ = {isa = PBXFileReference; fileEncoding = 4; lastKnownFileType = sourcecode.swift; path = "UIImageView+Extension.swift"; sourceTree = "<group>"; };
		8E344A74265BD437008AF1BA /* Array+NSLayoutConstraint.swift */ = {isa = PBXFileReference; fileEncoding = 4; lastKnownFileType = sourcecode.swift; path = "Array+NSLayoutConstraint.swift"; sourceTree = "<group>"; };
		8E344A75265BD437008AF1BA /* UIColor+Extension.swift */ = {isa = PBXFileReference; fileEncoding = 4; lastKnownFileType = sourcecode.swift; path = "UIColor+Extension.swift"; sourceTree = "<group>"; };
		8E344A76265BD437008AF1BA /* Int+Extension.swift */ = {isa = PBXFileReference; fileEncoding = 4; lastKnownFileType = sourcecode.swift; path = "Int+Extension.swift"; sourceTree = "<group>"; };
		8E344A77265BD437008AF1BA /* Date+Extension.swift */ = {isa = PBXFileReference; fileEncoding = 4; lastKnownFileType = sourcecode.swift; path = "Date+Extension.swift"; sourceTree = "<group>"; };
		8E344A78265BD437008AF1BA /* UIButton+Extension.swift */ = {isa = PBXFileReference; fileEncoding = 4; lastKnownFileType = sourcecode.swift; path = "UIButton+Extension.swift"; sourceTree = "<group>"; };
		8E344A79265BD437008AF1BA /* UIView+Extension.swift */ = {isa = PBXFileReference; fileEncoding = 4; lastKnownFileType = sourcecode.swift; path = "UIView+Extension.swift"; sourceTree = "<group>"; };
		8E344A7B265BD437008AF1BA /* String+Extension.swift */ = {isa = PBXFileReference; fileEncoding = 4; lastKnownFileType = sourcecode.swift; path = "String+Extension.swift"; sourceTree = "<group>"; };
		8E344A7C265BD437008AF1BA /* UIBarButtonItem+Extension.swift */ = {isa = PBXFileReference; fileEncoding = 4; lastKnownFileType = sourcecode.swift; path = "UIBarButtonItem+Extension.swift"; sourceTree = "<group>"; };
		8E344A7D265BD437008AF1BA /* CAGradientLayer+Extension.swift */ = {isa = PBXFileReference; fileEncoding = 4; lastKnownFileType = sourcecode.swift; path = "CAGradientLayer+Extension.swift"; sourceTree = "<group>"; };
		8E6AD16B281548AB00BD50F6 /* YLZRouteCodeCell.swift */ = {isa = PBXFileReference; lastKnownFileType = sourcecode.swift; path = YLZRouteCodeCell.swift; sourceTree = "<group>"; };
		8E6AD16D2816387D00BD50F6 /* YLZRouteCodeView.swift */ = {isa = PBXFileReference; lastKnownFileType = sourcecode.swift; path = YLZRouteCodeView.swift; sourceTree = "<group>"; };
		8E6AD16F28163D0000BD50F6 /* YLZRouteCodeCellView.swift */ = {isa = PBXFileReference; lastKnownFileType = sourcecode.swift; path = YLZRouteCodeCellView.swift; sourceTree = "<group>"; };
		8E6AD17128164BE800BD50F6 /* YLZRouteCodeCellInfoView.swift */ = {isa = PBXFileReference; lastKnownFileType = sourcecode.swift; path = YLZRouteCodeCellInfoView.swift; sourceTree = "<group>"; };
		8E6AD17328164D0E00BD50F6 /* YLZRouteCodeCellBottomView.swift */ = {isa = PBXFileReference; lastKnownFileType = sourcecode.swift; path = YLZRouteCodeCellBottomView.swift; sourceTree = "<group>"; };
		8E6AD1752816768D00BD50F6 /* YLZRouteCodeLoadingCell.swift */ = {isa = PBXFileReference; lastKnownFileType = sourcecode.swift; path = YLZRouteCodeLoadingCell.swift; sourceTree = "<group>"; };
		8E6AD1772816777000BD50F6 /* YLZRouteCodeCellLoadingView.swift */ = {isa = PBXFileReference; lastKnownFileType = sourcecode.swift; path = YLZRouteCodeCellLoadingView.swift; sourceTree = "<group>"; };
		8E78C8112814F3CA00D6C59F /* YLZRouteCodeViewController.swift */ = {isa = PBXFileReference; lastKnownFileType = sourcecode.swift; path = YLZRouteCodeViewController.swift; sourceTree = "<group>"; };
		8E78C8152814F92A00D6C59F /* YLZRouteCodeInfoCell.swift */ = {isa = PBXFileReference; lastKnownFileType = sourcecode.swift; path = YLZRouteCodeInfoCell.swift; sourceTree = "<group>"; };
		8E78C8172814FAD300D6C59F /* YLZRouteCodeTableFooterView.swift */ = {isa = PBXFileReference; lastKnownFileType = sourcecode.swift; path = YLZRouteCodeTableFooterView.swift; sourceTree = "<group>"; };
		8E78C8192814FAEC00D6C59F /* YLZRouteCodeTableHeaderView.swift */ = {isa = PBXFileReference; lastKnownFileType = sourcecode.swift; path = YLZRouteCodeTableHeaderView.swift; sourceTree = "<group>"; };
		8E78C81B2814FB3700D6C59F /* YLZFunctionModel.swift */ = {isa = PBXFileReference; lastKnownFileType = sourcecode.swift; path = YLZFunctionModel.swift; sourceTree = "<group>"; };
		8E78C81D2815334000D6C59F /* YLZRouteCodeRecordCell.swift */ = {isa = PBXFileReference; lastKnownFileType = sourcecode.swift; path = YLZRouteCodeRecordCell.swift; sourceTree = "<group>"; };
		8E95E6A12D803248005FF900 /* member_plus.svg */ = {isa = PBXFileReference; fileEncoding = 4; lastKnownFileType = text.xml; path = member_plus.svg; sourceTree = "<group>"; };
		8EA21E9C27002E2000A9039B /* YLZHealthCodeViewController.swift */ = {isa = PBXFileReference; lastKnownFileType = sourcecode.swift; path = YLZHealthCodeViewController.swift; sourceTree = "<group>"; };
		8EA21E9E27002E4200A9039B /* YLZHealthCodeView.swift */ = {isa = PBXFileReference; lastKnownFileType = sourcecode.swift; path = YLZHealthCodeView.swift; sourceTree = "<group>"; };
		8EA21EA027002E5100A9039B /* YLZHealthCodeTableFooterView.swift */ = {isa = PBXFileReference; lastKnownFileType = sourcecode.swift; path = YLZHealthCodeTableFooterView.swift; sourceTree = "<group>"; };
		8EA21EA227002E6300A9039B /* YLZHealthCodeInfoTableViewCell.swift */ = {isa = PBXFileReference; lastKnownFileType = sourcecode.swift; path = YLZHealthCodeInfoTableViewCell.swift; sourceTree = "<group>"; };
		8EA21EA427002E7400A9039B /* YLZHealthCodeTableViewCell.swift */ = {isa = PBXFileReference; lastKnownFileType = sourcecode.swift; path = YLZHealthCodeTableViewCell.swift; sourceTree = "<group>"; };
		8EA21EA627002E8900A9039B /* YLZHealthCodeCheckTableViewCell.swift */ = {isa = PBXFileReference; lastKnownFileType = sourcecode.swift; path = YLZHealthCodeCheckTableViewCell.swift; sourceTree = "<group>"; };
		8EA21EA827002E9A00A9039B /* YLZHealthCodeServiceTableViewCell.swift */ = {isa = PBXFileReference; lastKnownFileType = sourcecode.swift; path = YLZHealthCodeServiceTableViewCell.swift; sourceTree = "<group>"; };
		8EA21EAA27002EAA00A9039B /* YLZHealthCodeSourceTableViewCell.swift */ = {isa = PBXFileReference; lastKnownFileType = sourcecode.swift; path = YLZHealthCodeSourceTableViewCell.swift; sourceTree = "<group>"; };
		8EA21EAC27002EC300A9039B /* YLZHealthCodeCollectionViewCell.swift */ = {isa = PBXFileReference; lastKnownFileType = sourcecode.swift; path = YLZHealthCodeCollectionViewCell.swift; sourceTree = "<group>"; };
		8EA21EAF2700344F00A9039B /* YLZFont.swift */ = {isa = PBXFileReference; lastKnownFileType = sourcecode.swift; path = YLZFont.swift; sourceTree = "<group>"; };
		8EA21EB12700596400A9039B /* YLZPaddingLabel.swift */ = {isa = PBXFileReference; lastKnownFileType = sourcecode.swift; path = YLZPaddingLabel.swift; sourceTree = "<group>"; };
		8EAF367C2DF95F1300645B1E /* HrssViewController.swift */ = {isa = PBXFileReference; lastKnownFileType = sourcecode.swift; path = HrssViewController.swift; sourceTree = "<group>"; };
		8EAF367F2DF9630900645B1E /* HrssTableHeaderView.swift */ = {isa = PBXFileReference; lastKnownFileType = sourcecode.swift; path = HrssTableHeaderView.swift; sourceTree = "<group>"; };
		8EAF36812DF9639D00645B1E /* HrssNoticeTableViewCell.swift */ = {isa = PBXFileReference; lastKnownFileType = sourcecode.swift; path = HrssNoticeTableViewCell.swift; sourceTree = "<group>"; };
		8EAF36832DF963A600645B1E /* HrssTopicTableViewCell.swift */ = {isa = PBXFileReference; lastKnownFileType = sourcecode.swift; path = HrssTopicTableViewCell.swift; sourceTree = "<group>"; };
		8EAF36852DF963B300645B1E /* HrssEasyManTableViewCell.swift */ = {isa = PBXFileReference; lastKnownFileType = sourcecode.swift; path = HrssEasyManTableViewCell.swift; sourceTree = "<group>"; };
		8EAF36872DF963BE00645B1E /* HrssAllDoTableViewCell.swift */ = {isa = PBXFileReference; lastKnownFileType = sourcecode.swift; path = HrssAllDoTableViewCell.swift; sourceTree = "<group>"; };
		8EAF368F2DF9816300645B1E /* HrssFuncCollectionViewCell.swift */ = {isa = PBXFileReference; lastKnownFileType = sourcecode.swift; path = HrssFuncCollectionViewCell.swift; sourceTree = "<group>"; };
		8EAF36922DF986DD00645B1E /* HrssModel.swift */ = {isa = PBXFileReference; lastKnownFileType = sourcecode.swift; path = HrssModel.swift; sourceTree = "<group>"; };
		8EAF36AD2DFAA57B00645B1E /* HrssEasyManCollectionViewCell.swift */ = {isa = PBXFileReference; lastKnownFileType = sourcecode.swift; path = HrssEasyManCollectionViewCell.swift; sourceTree = "<group>"; };
		8EAF36AF2DFAA9F300645B1E /* HrssAllDoSonTableViewCell.swift */ = {isa = PBXFileReference; lastKnownFileType = sourcecode.swift; path = HrssAllDoSonTableViewCell.swift; sourceTree = "<group>"; };
		8EBD6DF0265E1C3500DD856A /* YLZMSTabBar.swift */ = {isa = PBXFileReference; lastKnownFileType = sourcecode.swift; path = YLZMSTabBar.swift; sourceTree = "<group>"; };
		8EC07F3A2B240A1700F7EBF5 /* HiModel.swift */ = {isa = PBXFileReference; lastKnownFileType = sourcecode.swift; path = HiModel.swift; sourceTree = "<group>"; };
		8EC07F3C2B247D7600F7EBF5 /* EventChannelManager.swift */ = {isa = PBXFileReference; lastKnownFileType = sourcecode.swift; path = EventChannelManager.swift; sourceTree = "<group>"; };
		8ECA6FD62D8412CC00EBA4D3 /* libc++.1.tbd */ = {isa = PBXFileReference; lastKnownFileType = "sourcecode.text-based-dylib-definition"; name = "libc++.1.tbd"; path = "usr/lib/libc++.1.tbd"; sourceTree = SDKROOT; };
		8ECCBE3C2BFC7C7800761070 /* A.swift */ = {isa = PBXFileReference; lastKnownFileType = sourcecode.swift; path = A.swift; sourceTree = "<group>"; };
		8ECCBE3E2BFC7C8300761070 /* B.swift */ = {isa = PBXFileReference; lastKnownFileType = sourcecode.swift; path = B.swift; sourceTree = "<group>"; };
		8EE07B3927016A66005B0B40 /* YLZView.swift */ = {isa = PBXFileReference; lastKnownFileType = sourcecode.swift; path = YLZView.swift; sourceTree = "<group>"; };
		8EE07B3D27016EB3005B0B40 /* UIImage+Extension.swift */ = {isa = PBXFileReference; lastKnownFileType = sourcecode.swift; path = "UIImage+Extension.swift"; sourceTree = "<group>"; };
		8EE07B3F27017D78005B0B40 /* YLZString.swift */ = {isa = PBXFileReference; lastKnownFileType = sourcecode.swift; path = YLZString.swift; sourceTree = "<group>"; };
		8EFB12D6265BB46C007D9FE1 /* SwiftProject.app */ = {isa = PBXFileReference; explicitFileType = wrapper.application; includeInIndex = 0; path = SwiftProject.app; sourceTree = BUILT_PRODUCTS_DIR; };
		8EFB12D9265BB46C007D9FE1 /* AppDelegate.swift */ = {isa = PBXFileReference; lastKnownFileType = sourcecode.swift; path = AppDelegate.swift; sourceTree = "<group>"; };
		8EFB12DD265BB46C007D9FE1 /* ViewController.swift */ = {isa = PBXFileReference; lastKnownFileType = sourcecode.swift; path = ViewController.swift; sourceTree = "<group>"; };
		8EFB12E2265BB46D007D9FE1 /* Assets.xcassets */ = {isa = PBXFileReference; lastKnownFileType = folder.assetcatalog; path = Assets.xcassets; sourceTree = "<group>"; };
		8EFB12E5265BB46D007D9FE1 /* Base */ = {isa = PBXFileReference; lastKnownFileType = file.storyboard; name = Base; path = Base.lproj/LaunchScreen.storyboard; sourceTree = "<group>"; };
		8EFB12E7265BB46D007D9FE1 /* Info.plist */ = {isa = PBXFileReference; lastKnownFileType = text.plist.xml; path = Info.plist; sourceTree = "<group>"; };
		8EFFDA0E2828B595000EA7D6 /* HiMarqueeView.swift */ = {isa = PBXFileReference; fileEncoding = 4; lastKnownFileType = sourcecode.swift; path = HiMarqueeView.swift; sourceTree = "<group>"; };
		8EFFDA0F2828B595000EA7D6 /* HiCarouselView.swift */ = {isa = PBXFileReference; fileEncoding = 4; lastKnownFileType = sourcecode.swift; path = HiCarouselView.swift; sourceTree = "<group>"; };
		8EFFDA102828B596000EA7D6 /* HiOccupationView.swift */ = {isa = PBXFileReference; fileEncoding = 4; lastKnownFileType = sourcecode.swift; path = HiOccupationView.swift; sourceTree = "<group>"; };
		8EFFDA112828B596000EA7D6 /* HiMarqueeViewCell.swift */ = {isa = PBXFileReference; fileEncoding = 4; lastKnownFileType = sourcecode.swift; path = HiMarqueeViewCell.swift; sourceTree = "<group>"; };
		8EFFDA182828B61F000EA7D6 /* HiToast.swift */ = {isa = PBXFileReference; fileEncoding = 4; lastKnownFileType = sourcecode.swift; path = HiToast.swift; sourceTree = "<group>"; };
		8EFFDA192828B61F000EA7D6 /* HiHudToast.swift */ = {isa = PBXFileReference; fileEncoding = 4; lastKnownFileType = sourcecode.swift; path = HiHudToast.swift; sourceTree = "<group>"; };
		8EFFDA1B2828B61F000EA7D6 /* HiPageHelper.swift */ = {isa = PBXFileReference; fileEncoding = 4; lastKnownFileType = sourcecode.swift; path = HiPageHelper.swift; sourceTree = "<group>"; };
		8EFFDA1E2828B61F000EA7D6 /* HiRegularHelper.swift */ = {isa = PBXFileReference; fileEncoding = 4; lastKnownFileType = sourcecode.swift; path = HiRegularHelper.swift; sourceTree = "<group>"; };
		8EFFDA202828B61F000EA7D6 /* HiJsonStrHelper.swift */ = {isa = PBXFileReference; fileEncoding = 4; lastKnownFileType = sourcecode.swift; path = HiJsonStrHelper.swift; sourceTree = "<group>"; };
		8EFFDA212828B61F000EA7D6 /* HiJsonLoadHelper.swift */ = {isa = PBXFileReference; fileEncoding = 4; lastKnownFileType = sourcecode.swift; path = HiJsonLoadHelper.swift; sourceTree = "<group>"; };
		8EFFDA232828B61F000EA7D6 /* HiAssetsHelper.swift */ = {isa = PBXFileReference; fileEncoding = 4; lastKnownFileType = sourcecode.swift; path = HiAssetsHelper.swift; sourceTree = "<group>"; };
		8EFFDA252828B61F000EA7D6 /* HiAppInfoHelper.swift */ = {isa = PBXFileReference; fileEncoding = 4; lastKnownFileType = sourcecode.swift; path = HiAppInfoHelper.swift; sourceTree = "<group>"; };
		8EFFDA272828B61F000EA7D6 /* HiLoginHelper.swift */ = {isa = PBXFileReference; fileEncoding = 4; lastKnownFileType = sourcecode.swift; path = HiLoginHelper.swift; sourceTree = "<group>"; };
		8EFFDA63282A4A62000EA7D6 /* HiAlamofire.swift */ = {isa = PBXFileReference; fileEncoding = 4; lastKnownFileType = sourcecode.swift; path = HiAlamofire.swift; sourceTree = "<group>"; };
		8EFFDA65282A4A62000EA7D6 /* HiAPIConst.swift */ = {isa = PBXFileReference; fileEncoding = 4; lastKnownFileType = sourcecode.swift; path = HiAPIConst.swift; sourceTree = "<group>"; };
		8EFFDA66282A4A62000EA7D6 /* HiApiConfig.swift */ = {isa = PBXFileReference; fileEncoding = 4; lastKnownFileType = sourcecode.swift; path = HiApiConfig.swift; sourceTree = "<group>"; };
		8EFFDA67282A4A62000EA7D6 /* HiAPI.swift */ = {isa = PBXFileReference; fileEncoding = 4; lastKnownFileType = sourcecode.swift; path = HiAPI.swift; sourceTree = "<group>"; };
		8EFFDA68282A4A62000EA7D6 /* HiApiConfigPlugin.swift */ = {isa = PBXFileReference; fileEncoding = 4; lastKnownFileType = sourcecode.swift; path = HiApiConfigPlugin.swift; sourceTree = "<group>"; };
		93EE7685A751A02B67AA4915 /* Pods-SwiftProject.release.xcconfig */ = {isa = PBXFileReference; includeInIndex = 1; lastKnownFileType = text.xcconfig; name = "Pods-SwiftProject.release.xcconfig"; path = "Target Support Files/Pods-SwiftProject/Pods-SwiftProject.release.xcconfig"; sourceTree = "<group>"; };
/* End PBXFileReference section */

/* Begin PBXFrameworksBuildPhase section */
		8EFB12D3265BB46C007D9FE1 /* Frameworks */ = {
			isa = PBXFrameworksBuildPhase;
			buildActionMask = 2147483647;
			files = (
				92517691E6A6C0953452DAFC /* Pods_SwiftProject.framework in Frameworks */,
			);
			runOnlyForDeploymentPostprocessing = 0;
		};
/* End PBXFrameworksBuildPhase section */

/* Begin PBXGroup section */
		8E0007692B294D54006C7D2A /* Event */ = {
			isa = PBXGroup;
			children = (
				8EC07F3C2B247D7600F7EBF5 /* EventChannelManager.swift */,
			);
			path = Event;
			sourceTree = "<group>";
		};
		8E2C4B702DDC2D3900109E5E /* UMPush */ = {
			isa = PBXGroup;
			children = (
				8E2C4B6F2DDC2D3900109E5E /* UMengPushHelper.swift */,
			);
			path = UMPush;
			sourceTree = "<group>";
		};
		8E344A39265BCA63008AF1BA /* Base */ = {
			isa = PBXGroup;
			children = (
				8E0007692B294D54006C7D2A /* Event */,
				8EA21EAE2700343900A9039B /* Kit */,
				8E344A92265BD5B6008AF1BA /* Moya */,
				8E344A72265BD437008AF1BA /* SwiftExtension */,
				8E344A5A265BCD9E008AF1BA /* Const */,
				8E344A59265BCD96008AF1BA /* View */,
				8E344A58265BCD85008AF1BA /* ViewController */,
			);
			path = Base;
			sourceTree = "<group>";
		};
		8E344A45265BCC66008AF1BA /* Supporting Files */ = {
			isa = PBXGroup;
			children = (
				8E95E6A32D8032B5005FF900 /* svgs */,
				8EFB12D9265BB46C007D9FE1 /* AppDelegate.swift */,
				8EFB12E2265BB46D007D9FE1 /* Assets.xcassets */,
				8EFB12E4265BB46D007D9FE1 /* LaunchScreen.storyboard */,
				8EFB12E7265BB46D007D9FE1 /* Info.plist */,
				8E2C4B6D2DDC2CA400109E5E /* SwiftProject-Bridging-Header.h */,
			);
			path = "Supporting Files";
			sourceTree = "<group>";
		};
		8E344A58265BCD85008AF1BA /* ViewController */ = {
			isa = PBXGroup;
			children = (
				8E344A3A265BCA85008AF1BA /* AppBaseNavigationController.swift */,
				8E344A3B265BCA87008AF1BA /* AppBaseViewController.swift */,
				8E344A6F265BD115008AF1BA /* AppWebViewController.swift */,
				8E344A6B265BD03D008AF1BA /* AppTabbarViewController.swift */,
			);
			path = ViewController;
			sourceTree = "<group>";
		};
		8E344A59265BCD96008AF1BA /* View */ = {
			isa = PBXGroup;
			children = (
				8EFFDA0F2828B595000EA7D6 /* HiCarouselView.swift */,
				8EFFDA0E2828B595000EA7D6 /* HiMarqueeView.swift */,
				8EFFDA112828B596000EA7D6 /* HiMarqueeViewCell.swift */,
				8EFFDA102828B596000EA7D6 /* HiOccupationView.swift */,
				8EBD6DF0265E1C3500DD856A /* YLZMSTabBar.swift */,
				8EA21EB12700596400A9039B /* YLZPaddingLabel.swift */,
			);
			path = View;
			sourceTree = "<group>";
		};
		8E344A5A265BCD9E008AF1BA /* Const */ = {
			isa = PBXGroup;
			children = (
				8E344A40265BCAF7008AF1BA /* Const.swift */,
			);
			path = Const;
			sourceTree = "<group>";
		};
		8E344A72265BD437008AF1BA /* SwiftExtension */ = {
			isa = PBXGroup;
			children = (
				8E344A73265BD437008AF1BA /* UIImageView+Extension.swift */,
				8E344A74265BD437008AF1BA /* Array+NSLayoutConstraint.swift */,
				8E344A75265BD437008AF1BA /* UIColor+Extension.swift */,
				8E344A76265BD437008AF1BA /* Int+Extension.swift */,
				8E344A77265BD437008AF1BA /* Date+Extension.swift */,
				8E344A78265BD437008AF1BA /* UIButton+Extension.swift */,
				8E344A79265BD437008AF1BA /* UIView+Extension.swift */,
				8E344A7B265BD437008AF1BA /* String+Extension.swift */,
				8E344A7C265BD437008AF1BA /* UIBarButtonItem+Extension.swift */,
				8E344A7D265BD437008AF1BA /* CAGradientLayer+Extension.swift */,
				8EE07B3D27016EB3005B0B40 /* UIImage+Extension.swift */,
			);
			path = SwiftExtension;
			sourceTree = "<group>";
		};
		8E344A92265BD5B6008AF1BA /* Moya */ = {
			isa = PBXGroup;
			children = (
				8EFFDA62282A4A62000EA7D6 /* Alamofire */,
				8EFFDA64282A4A62000EA7D6 /* Moya */,
			);
			path = Moya;
			sourceTree = "<group>";
		};
		8E78C80C2814F37400D6C59F /* RouteCode */ = {
			isa = PBXGroup;
			children = (
				8E78C80D2814F38300D6C59F /* Model */,
				8E78C80E2814F38A00D6C59F /* View */,
				8E78C80F2814F39800D6C59F /* Controller */,
			);
			path = RouteCode;
			sourceTree = "<group>";
		};
		8E78C80D2814F38300D6C59F /* Model */ = {
			isa = PBXGroup;
			children = (
				8E78C81B2814FB3700D6C59F /* YLZFunctionModel.swift */,
				8EC07F3A2B240A1700F7EBF5 /* HiModel.swift */,
			);
			path = Model;
			sourceTree = "<group>";
		};
		8E78C80E2814F38A00D6C59F /* View */ = {
			isa = PBXGroup;
			children = (
				8ECBC2D62817DED900071F21 /* CodeView */,
				8ECBC2D52817DEBB00071F21 /* FooterView */,
				8ECBC2D42817DEB200071F21 /* HeaderView */,
				8ECBC2D32817DE9F00071F21 /* TableViewCell */,
				8E6AD16D2816387D00BD50F6 /* YLZRouteCodeView.swift */,
			);
			path = View;
			sourceTree = "<group>";
		};
		8E78C80F2814F39800D6C59F /* Controller */ = {
			isa = PBXGroup;
			children = (
				8E78C8112814F3CA00D6C59F /* YLZRouteCodeViewController.swift */,
			);
			path = Controller;
			sourceTree = "<group>";
		};
		8E95E6A32D8032B5005FF900 /* svgs */ = {
			isa = PBXGroup;
			children = (
				8E95E6A12D803248005FF900 /* member_plus.svg */,
			);
			path = svgs;
			sourceTree = "<group>";
		};
		8EA21E9727002D9E00A9039B /* Logic */ = {
			isa = PBXGroup;
			children = (
				8EAF367B2DF95F0B00645B1E /* Hrss */,
				8ECCBE3B2BFC7C6000761070 /* PassValue */,
				8E78C80C2814F37400D6C59F /* RouteCode */,
				8EA21E9827002DA700A9039B /* HealthCode */,
			);
			path = Logic;
			sourceTree = "<group>";
		};
		8EA21E9827002DA700A9039B /* HealthCode */ = {
			isa = PBXGroup;
			children = (
				8EA21E9927002DAF00A9039B /* View */,
				8EA21E9B27002DB900A9039B /* Controller */,
			);
			path = HealthCode;
			sourceTree = "<group>";
		};
		8EA21E9927002DAF00A9039B /* View */ = {
			isa = PBXGroup;
			children = (
				8EA21E9E27002E4200A9039B /* YLZHealthCodeView.swift */,
				8EA21EA027002E5100A9039B /* YLZHealthCodeTableFooterView.swift */,
				8EA21EA227002E6300A9039B /* YLZHealthCodeInfoTableViewCell.swift */,
				8EA21EA427002E7400A9039B /* YLZHealthCodeTableViewCell.swift */,
				8EA21EA627002E8900A9039B /* YLZHealthCodeCheckTableViewCell.swift */,
				8EA21EA827002E9A00A9039B /* YLZHealthCodeServiceTableViewCell.swift */,
				8EA21EAA27002EAA00A9039B /* YLZHealthCodeSourceTableViewCell.swift */,
				8EA21EAC27002EC300A9039B /* YLZHealthCodeCollectionViewCell.swift */,
			);
			path = View;
			sourceTree = "<group>";
		};
		8EA21E9B27002DB900A9039B /* Controller */ = {
			isa = PBXGroup;
			children = (
				8EA21E9C27002E2000A9039B /* YLZHealthCodeViewController.swift */,
			);
			path = Controller;
			sourceTree = "<group>";
		};
		8EA21EAE2700343900A9039B /* Kit */ = {
			isa = PBXGroup;
			children = (
				8EA21EAF2700344F00A9039B /* YLZFont.swift */,
				8EE07B3927016A66005B0B40 /* YLZView.swift */,
				8EE07B3F27017D78005B0B40 /* YLZString.swift */,
			);
			path = Kit;
			sourceTree = "<group>";
		};
		8EAF367B2DF95F0B00645B1E /* Hrss */ = {
			isa = PBXGroup;
			children = (
				8EAF36912DF986D600645B1E /* Model */,
				8EAF367E2DF962DE00645B1E /* View */,
				8EAF367C2DF95F1300645B1E /* HrssViewController.swift */,
			);
			path = Hrss;
			sourceTree = "<group>";
		};
		8EAF367E2DF962DE00645B1E /* View */ = {
			isa = PBXGroup;
			children = (
				8EAF367F2DF9630900645B1E /* HrssTableHeaderView.swift */,
				8EAF368F2DF9816300645B1E /* HrssFuncCollectionViewCell.swift */,
				8EAF36872DF963BE00645B1E /* HrssAllDoTableViewCell.swift */,
				8EAF36AF2DFAA9F300645B1E /* HrssAllDoSonTableViewCell.swift */,
				8EAF36852DF963B300645B1E /* HrssEasyManTableViewCell.swift */,
				8EAF36AD2DFAA57B00645B1E /* HrssEasyManCollectionViewCell.swift */,
				8EAF36832DF963A600645B1E /* HrssTopicTableViewCell.swift */,
				8EAF36812DF9639D00645B1E /* HrssNoticeTableViewCell.swift */,
			);
			path = View;
			sourceTree = "<group>";
		};
		8EAF36912DF986D600645B1E /* Model */ = {
			isa = PBXGroup;
			children = (
				8EAF36922DF986DD00645B1E /* HrssModel.swift */,
			);
			path = Model;
			sourceTree = "<group>";
		};
		8ECBC2D32817DE9F00071F21 /* TableViewCell */ = {
			isa = PBXGroup;
			children = (
				8E78C8152814F92A00D6C59F /* YLZRouteCodeInfoCell.swift */,
				8E78C81D2815334000D6C59F /* YLZRouteCodeRecordCell.swift */,
				8E6AD16B281548AB00BD50F6 /* YLZRouteCodeCell.swift */,
				8E6AD1752816768D00BD50F6 /* YLZRouteCodeLoadingCell.swift */,
			);
			path = TableViewCell;
			sourceTree = "<group>";
		};
		8ECBC2D42817DEB200071F21 /* HeaderView */ = {
			isa = PBXGroup;
			children = (
				8E78C8192814FAEC00D6C59F /* YLZRouteCodeTableHeaderView.swift */,
			);
			path = HeaderView;
			sourceTree = "<group>";
		};
		8ECBC2D52817DEBB00071F21 /* FooterView */ = {
			isa = PBXGroup;
			children = (
				8E78C8172814FAD300D6C59F /* YLZRouteCodeTableFooterView.swift */,
			);
			path = FooterView;
			sourceTree = "<group>";
		};
		8ECBC2D62817DED900071F21 /* CodeView */ = {
			isa = PBXGroup;
			children = (
				8E6AD16F28163D0000BD50F6 /* YLZRouteCodeCellView.swift */,
				8E6AD17128164BE800BD50F6 /* YLZRouteCodeCellInfoView.swift */,
				8E6AD17328164D0E00BD50F6 /* YLZRouteCodeCellBottomView.swift */,
				8E6AD1772816777000BD50F6 /* YLZRouteCodeCellLoadingView.swift */,
			);
			path = CodeView;
			sourceTree = "<group>";
		};
		8ECCBE3B2BFC7C6000761070 /* PassValue */ = {
			isa = PBXGroup;
			children = (
				8ECCBE3C2BFC7C7800761070 /* A.swift */,
				8ECCBE3E2BFC7C8300761070 /* B.swift */,
			);
			path = PassValue;
			sourceTree = "<group>";
		};
		8EFB12CD265BB46C007D9FE1 = {
			isa = PBXGroup;
			children = (
				8EFB12D8265BB46C007D9FE1 /* SwiftProject */,
				8EFB12D7265BB46C007D9FE1 /* Products */,
				DE704C91F9B27D36E6F1E399 /* Pods */,
				A12E40526790B2CEC923D51C /* Frameworks */,
			);
			sourceTree = "<group>";
		};
		8EFB12D7265BB46C007D9FE1 /* Products */ = {
			isa = PBXGroup;
			children = (
				8EFB12D6265BB46C007D9FE1 /* SwiftProject.app */,
			);
			name = Products;
			sourceTree = "<group>";
		};
		8EFB12D8265BB46C007D9FE1 /* SwiftProject */ = {
			isa = PBXGroup;
			children = (
				8E2C4B6E2DDC2D1000109E5E /* SwiftProject.entitlements */,
				8EA21E9727002D9E00A9039B /* Logic */,
				8E344A39265BCA63008AF1BA /* Base */,
				8EFFDA162828B61F000EA7D6 /* Helpers */,
				8E344A45265BCC66008AF1BA /* Supporting Files */,
				8EFB12DD265BB46C007D9FE1 /* ViewController.swift */,
				8E0007662B294CC0006C7D2A /* InteractiveViewController.swift */,
				8E0007652B294CBF006C7D2A /* RequestViewController.swift */,
			);
			path = SwiftProject;
			sourceTree = "<group>";
		};
		8EFFDA162828B61F000EA7D6 /* Helpers */ = {
			isa = PBXGroup;
			children = (
				8E2C4B702DDC2D3900109E5E /* UMPush */,
				8EFFDA172828B61F000EA7D6 /* HiToast */,
				8EFFDA1A2828B61F000EA7D6 /* HiPage */,
				8EFFDA1D2828B61F000EA7D6 /* HiRegular */,
				8EFFDA1F2828B61F000EA7D6 /* HiJson */,
				8EFFDA222828B61F000EA7D6 /* HiAssets */,
				8EFFDA242828B61F000EA7D6 /* HiAppInfo */,
				8EFFDA262828B61F000EA7D6 /* HiLogin */,
			);
			path = Helpers;
			sourceTree = "<group>";
		};
		8EFFDA172828B61F000EA7D6 /* HiToast */ = {
			isa = PBXGroup;
			children = (
				8EFFDA182828B61F000EA7D6 /* HiToast.swift */,
				8EFFDA192828B61F000EA7D6 /* HiHudToast.swift */,
			);
			path = HiToast;
			sourceTree = "<group>";
		};
		8EFFDA1A2828B61F000EA7D6 /* HiPage */ = {
			isa = PBXGroup;
			children = (
				8EFFDA1B2828B61F000EA7D6 /* HiPageHelper.swift */,
			);
			path = HiPage;
			sourceTree = "<group>";
		};
		8EFFDA1D2828B61F000EA7D6 /* HiRegular */ = {
			isa = PBXGroup;
			children = (
				8EFFDA1E2828B61F000EA7D6 /* HiRegularHelper.swift */,
			);
			path = HiRegular;
			sourceTree = "<group>";
		};
		8EFFDA1F2828B61F000EA7D6 /* HiJson */ = {
			isa = PBXGroup;
			children = (
				8EFFDA202828B61F000EA7D6 /* HiJsonStrHelper.swift */,
				8EFFDA212828B61F000EA7D6 /* HiJsonLoadHelper.swift */,
			);
			path = HiJson;
			sourceTree = "<group>";
		};
		8EFFDA222828B61F000EA7D6 /* HiAssets */ = {
			isa = PBXGroup;
			children = (
				8EFFDA232828B61F000EA7D6 /* HiAssetsHelper.swift */,
			);
			path = HiAssets;
			sourceTree = "<group>";
		};
		8EFFDA242828B61F000EA7D6 /* HiAppInfo */ = {
			isa = PBXGroup;
			children = (
				8EFFDA252828B61F000EA7D6 /* HiAppInfoHelper.swift */,
			);
			path = HiAppInfo;
			sourceTree = "<group>";
		};
		8EFFDA262828B61F000EA7D6 /* HiLogin */ = {
			isa = PBXGroup;
			children = (
				8EFFDA272828B61F000EA7D6 /* HiLoginHelper.swift */,
			);
			path = HiLogin;
			sourceTree = "<group>";
		};
		8EFFDA62282A4A62000EA7D6 /* Alamofire */ = {
			isa = PBXGroup;
			children = (
				8EFFDA63282A4A62000EA7D6 /* HiAlamofire.swift */,
			);
			path = Alamofire;
			sourceTree = "<group>";
		};
		8EFFDA64282A4A62000EA7D6 /* Moya */ = {
			isa = PBXGroup;
			children = (
				8EFFDA67282A4A62000EA7D6 /* HiAPI.swift */,
				8EFFDA66282A4A62000EA7D6 /* HiApiConfig.swift */,
				8EFFDA65282A4A62000EA7D6 /* HiAPIConst.swift */,
				8EFFDA68282A4A62000EA7D6 /* HiApiConfigPlugin.swift */,
			);
			path = Moya;
			sourceTree = "<group>";
		};
		A12E40526790B2CEC923D51C /* Frameworks */ = {
			isa = PBXGroup;
			children = (
				8ECA6FD62D8412CC00EBA4D3 /* libc++.1.tbd */,
				1F49EC176A0FC65056AB9AFF /* Pods_SwiftProject.framework */,
			);
			name = Frameworks;
			sourceTree = "<group>";
		};
		DE704C91F9B27D36E6F1E399 /* Pods */ = {
			isa = PBXGroup;
			children = (
				3C4D30EB616FAE162F5B05E2 /* Pods-SwiftProject.debug.xcconfig */,
				93EE7685A751A02B67AA4915 /* Pods-SwiftProject.release.xcconfig */,
			);
			path = Pods;
			sourceTree = "<group>";
		};
/* End PBXGroup section */

/* Begin PBXNativeTarget section */
		8EFB12D5265BB46C007D9FE1 /* SwiftProject */ = {
			isa = PBXNativeTarget;
			buildConfigurationList = 8EFB12EA265BB46D007D9FE1 /* Build configuration list for PBXNativeTarget "SwiftProject" */;
			buildPhases = (
				67CA6C0944C399D65EDF06BD /* [CP] Check Pods Manifest.lock */,
				96D0B170E03FB1EF4CA263E5 /* [CP-User] Run Flutter Build hi_flutter_module Script */,
				8EFB12D2265BB46C007D9FE1 /* Sources */,
				8EFB12D3265BB46C007D9FE1 /* Frameworks */,
				8EFB12D4265BB46C007D9FE1 /* Resources */,
				07477DB414B927C83EFC1F4B /* [CP] Embed Pods Frameworks */,
				6B4DB246E6080D14EE9B8A08 /* [CP-User] Embed Flutter Build hi_flutter_module Script */,
				1B2C59BFEBBD0BABBC279EFC /* [CP] Copy Pods Resources */,
			);
			buildRules = (
			);
			dependencies = (
			);
			name = SwiftProject;
			productName = SwiftProject;
			productReference = 8EFB12D6265BB46C007D9FE1 /* SwiftProject.app */;
			productType = "com.apple.product-type.application";
		};
/* End PBXNativeTarget section */

/* Begin PBXProject section */
		8EFB12CE265BB46C007D9FE1 /* Project object */ = {
			isa = PBXProject;
			attributes = {
				LastSwiftUpdateCheck = 1230;
				LastUpgradeCheck = 1230;
				TargetAttributes = {
					8EFB12D5265BB46C007D9FE1 = {
						CreatedOnToolsVersion = 12.3;
					};
				};
			};
			buildConfigurationList = 8EFB12D1265BB46C007D9FE1 /* Build configuration list for PBXProject "SwiftProject" */;
			compatibilityVersion = "Xcode 9.3";
			developmentRegion = en;
			hasScannedForEncodings = 0;
			knownRegions = (
				en,
				Base,
			);
			mainGroup = 8EFB12CD265BB46C007D9FE1;
			productRefGroup = 8EFB12D7265BB46C007D9FE1 /* Products */;
			projectDirPath = "";
			projectRoot = "";
			targets = (
				8EFB12D5265BB46C007D9FE1 /* SwiftProject */,
			);
		};
/* End PBXProject section */

/* Begin PBXResourcesBuildPhase section */
		8EFB12D4265BB46C007D9FE1 /* Resources */ = {
			isa = PBXResourcesBuildPhase;
			buildActionMask = 2147483647;
			files = (
				8EFB12E6265BB46D007D9FE1 /* LaunchScreen.storyboard in Resources */,
				8EFB12E3265BB46D007D9FE1 /* Assets.xcassets in Resources */,
				8E95E6A22D803248005FF900 /* member_plus.svg in Resources */,
			);
			runOnlyForDeploymentPostprocessing = 0;
		};
/* End PBXResourcesBuildPhase section */

/* Begin PBXShellScriptBuildPhase section */
		07477DB414B927C83EFC1F4B /* [CP] Embed Pods Frameworks */ = {
			isa = PBXShellScriptBuildPhase;
			buildActionMask = 2147483647;
			files = (
			);
			inputFileListPaths = (
				"${PODS_ROOT}/Target Support Files/Pods-SwiftProject/Pods-SwiftProject-frameworks-${CONFIGURATION}-input-files.xcfilelist",
			);
			inputPaths = (
			);
			name = "[CP] Embed Pods Frameworks";
			outputFileListPaths = (
				"${PODS_ROOT}/Target Support Files/Pods-SwiftProject/Pods-SwiftProject-frameworks-${CONFIGURATION}-output-files.xcfilelist",
			);
			outputPaths = (
			);
			runOnlyForDeploymentPostprocessing = 0;
			shellPath = /bin/sh;
			shellScript = "\"${PODS_ROOT}/Target Support Files/Pods-SwiftProject/Pods-SwiftProject-frameworks.sh\"\n";
			showEnvVarsInLog = 0;
		};
		1B2C59BFEBBD0BABBC279EFC /* [CP] Copy Pods Resources */ = {
			isa = PBXShellScriptBuildPhase;
			buildActionMask = 2147483647;
			files = (
			);
			inputFileListPaths = (
				"${PODS_ROOT}/Target Support Files/Pods-SwiftProject/Pods-SwiftProject-resources-${CONFIGURATION}-input-files.xcfilelist",
			);
			inputPaths = (
			);
			name = "[CP] Copy Pods Resources";
			outputFileListPaths = (
				"${PODS_ROOT}/Target Support Files/Pods-SwiftProject/Pods-SwiftProject-resources-${CONFIGURATION}-output-files.xcfilelist",
			);
			outputPaths = (
			);
			runOnlyForDeploymentPostprocessing = 0;
			shellPath = /bin/sh;
			shellScript = "\"${PODS_ROOT}/Target Support Files/Pods-SwiftProject/Pods-SwiftProject-resources.sh\"\n";
			showEnvVarsInLog = 0;
		};
		67CA6C0944C399D65EDF06BD /* [CP] Check Pods Manifest.lock */ = {
			isa = PBXShellScriptBuildPhase;
			buildActionMask = 2147483647;
			files = (
			);
			inputFileListPaths = (
			);
			inputPaths = (
				"${PODS_PODFILE_DIR_PATH}/Podfile.lock",
				"${PODS_ROOT}/Manifest.lock",
			);
			name = "[CP] Check Pods Manifest.lock";
			outputFileListPaths = (
			);
			outputPaths = (
				"$(DERIVED_FILE_DIR)/Pods-SwiftProject-checkManifestLockResult.txt",
			);
			runOnlyForDeploymentPostprocessing = 0;
			shellPath = /bin/sh;
			shellScript = "diff \"${PODS_PODFILE_DIR_PATH}/Podfile.lock\" \"${PODS_ROOT}/Manifest.lock\" > /dev/null\nif [ $? != 0 ] ; then\n    # print error to STDERR\n    echo \"error: The sandbox is not in sync with the Podfile.lock. Run 'pod install' or update your CocoaPods installation.\" >&2\n    exit 1\nfi\n# This output is used by Xcode 'outputs' to avoid re-running this script phase.\necho \"SUCCESS\" > \"${SCRIPT_OUTPUT_FILE_0}\"\n";
			showEnvVarsInLog = 0;
		};
		6B4DB246E6080D14EE9B8A08 /* [CP-User] Embed Flutter Build hi_flutter_module Script */ = {
			isa = PBXShellScriptBuildPhase;
			buildActionMask = 2147483647;
			files = (
			);
			inputPaths = (
			);
			name = "[CP-User] Embed Flutter Build hi_flutter_module Script";
			outputPaths = (
			);
			runOnlyForDeploymentPostprocessing = 0;
			shellPath = /bin/sh;
			shellScript = "set -e\nset -u\nsource \"${SRCROOT}/../hi_flutter_module/.ios/Flutter/flutter_export_environment.sh\"\nexport VERBOSE_SCRIPT_LOGGING=1 && \"$FLUTTER_ROOT\"/packages/flutter_tools/bin/xcode_backend.sh embed_and_thin";
		};
		96D0B170E03FB1EF4CA263E5 /* [CP-User] Run Flutter Build hi_flutter_module Script */ = {
			isa = PBXShellScriptBuildPhase;
			buildActionMask = 2147483647;
			files = (
			);
			inputPaths = (
			);
			name = "[CP-User] Run Flutter Build hi_flutter_module Script";
			outputPaths = (
			);
			runOnlyForDeploymentPostprocessing = 0;
			shellPath = /bin/sh;
			shellScript = "set -e\nset -u\nsource \"${SRCROOT}/../hi_flutter_module/.ios/Flutter/flutter_export_environment.sh\"\nexport VERBOSE_SCRIPT_LOGGING=1 && \"$FLUTTER_ROOT\"/packages/flutter_tools/bin/xcode_backend.sh build";
		};
/* End PBXShellScriptBuildPhase section */

/* Begin PBXSourcesBuildPhase section */
		8EFB12D2265BB46C007D9FE1 /* Sources */ = {
			isa = PBXSourcesBuildPhase;
			buildActionMask = 2147483647;
			files = (
				8EA21EA327002E6300A9039B /* YLZHealthCodeInfoTableViewCell.swift in Sources */,
				8E6AD17428164D0E00BD50F6 /* YLZRouteCodeCellBottomView.swift in Sources */,
				8EFFDA292828B61F000EA7D6 /* HiHudToast.swift in Sources */,
				8E344A81265BD437008AF1BA /* Int+Extension.swift in Sources */,
				8EAF36822DF9639D00645B1E /* HrssNoticeTableViewCell.swift in Sources */,
				8E344A70265BD115008AF1BA /* AppWebViewController.swift in Sources */,
				8EA21EA527002E7400A9039B /* YLZHealthCodeTableViewCell.swift in Sources */,
				8E344A83265BD437008AF1BA /* UIButton+Extension.swift in Sources */,
				8EE07B4027017D78005B0B40 /* YLZString.swift in Sources */,
				8E344A3C265BCA87008AF1BA /* AppBaseNavigationController.swift in Sources */,
				8EFFDA2A2828B61F000EA7D6 /* HiPageHelper.swift in Sources */,
				8EC07F3B2B240A1800F7EBF5 /* HiModel.swift in Sources */,
				8EFFDA282828B61F000EA7D6 /* HiToast.swift in Sources */,
				8E2C4B712DDC2D3900109E5E /* UMengPushHelper.swift in Sources */,
				8EFFDA6B282A4A62000EA7D6 /* HiApiConfig.swift in Sources */,
				8EAF36842DF963AE00645B1E /* HrssTopicTableViewCell.swift in Sources */,
				8EFFDA2C2828B61F000EA7D6 /* HiRegularHelper.swift in Sources */,
				8E78C81E2815334000D6C59F /* YLZRouteCodeRecordCell.swift in Sources */,
				8EA21EA927002E9A00A9039B /* YLZHealthCodeServiceTableViewCell.swift in Sources */,
				8EFFDA302828B61F000EA7D6 /* HiAppInfoHelper.swift in Sources */,
				8EA21EA127002E5100A9039B /* YLZHealthCodeTableFooterView.swift in Sources */,
				8E344A88265BD437008AF1BA /* CAGradientLayer+Extension.swift in Sources */,
				8E6AD1762816768D00BD50F6 /* YLZRouteCodeLoadingCell.swift in Sources */,
				8EFFDA312828B61F000EA7D6 /* HiLoginHelper.swift in Sources */,
				8EA21EAB27002EAA00A9039B /* YLZHealthCodeSourceTableViewCell.swift in Sources */,
				8EFB12DE265BB46C007D9FE1 /* ViewController.swift in Sources */,
				8E78C8122814F3CA00D6C59F /* YLZRouteCodeViewController.swift in Sources */,
				8EFFDA2F2828B61F000EA7D6 /* HiAssetsHelper.swift in Sources */,
				8E344A82265BD437008AF1BA /* Date+Extension.swift in Sources */,
				8EE07B3E27016EB3005B0B40 /* UIImage+Extension.swift in Sources */,
				8EFFDA6A282A4A62000EA7D6 /* HiAPIConst.swift in Sources */,
				8E78C81C2814FB3700D6C59F /* YLZFunctionModel.swift in Sources */,
				8E6AD1782816777000BD50F6 /* YLZRouteCodeCellLoadingView.swift in Sources */,
				8EFB12DA265BB46C007D9FE1 /* AppDelegate.swift in Sources */,
				8EAF36802DF9630900645B1E /* HrssTableHeaderView.swift in Sources */,
				8EFFDA69282A4A62000EA7D6 /* HiAlamofire.swift in Sources */,
				8EAF36902DF9816D00645B1E /* HrssFuncCollectionViewCell.swift in Sources */,
				8EA21EAD27002EC300A9039B /* YLZHealthCodeCollectionViewCell.swift in Sources */,
				8E78C8182814FAD300D6C59F /* YLZRouteCodeTableFooterView.swift in Sources */,
				8E344A86265BD437008AF1BA /* String+Extension.swift in Sources */,
				8E344A87265BD437008AF1BA /* UIBarButtonItem+Extension.swift in Sources */,
				8EA21EB02700344F00A9039B /* YLZFont.swift in Sources */,
				8EAF367D2DF95F1D00645B1E /* HrssViewController.swift in Sources */,
				8E344A3D265BCA87008AF1BA /* AppBaseViewController.swift in Sources */,
				8E0007672B294CC1006C7D2A /* RequestViewController.swift in Sources */,
				8EFFDA6C282A4A63000EA7D6 /* HiAPI.swift in Sources */,
				8EFFDA132828B596000EA7D6 /* HiCarouselView.swift in Sources */,
				8EFFDA152828B596000EA7D6 /* HiMarqueeViewCell.swift in Sources */,
				8E78C8162814F92A00D6C59F /* YLZRouteCodeInfoCell.swift in Sources */,
				8E344A7E265BD437008AF1BA /* UIImageView+Extension.swift in Sources */,
				8E344A80265BD437008AF1BA /* UIColor+Extension.swift in Sources */,
				8EAF36882DF963C400645B1E /* HrssAllDoTableViewCell.swift in Sources */,
				8E344A84265BD437008AF1BA /* UIView+Extension.swift in Sources */,
				8E0007682B294CC1006C7D2A /* InteractiveViewController.swift in Sources */,
				8E344A41265BCAF7008AF1BA /* Const.swift in Sources */,
				8EFFDA2D2828B61F000EA7D6 /* HiJsonStrHelper.swift in Sources */,
				8EFFDA2E2828B61F000EA7D6 /* HiJsonLoadHelper.swift in Sources */,
				8EBD6DF1265E1C3500DD856A /* YLZMSTabBar.swift in Sources */,
				8EFFDA122828B596000EA7D6 /* HiMarqueeView.swift in Sources */,
				8EFFDA142828B596000EA7D6 /* HiOccupationView.swift in Sources */,
				8EC07F3D2B247D7600F7EBF5 /* EventChannelManager.swift in Sources */,
				8E6AD17028163D0000BD50F6 /* YLZRouteCodeCellView.swift in Sources */,
				8E6AD16E2816387D00BD50F6 /* YLZRouteCodeView.swift in Sources */,
				8E6AD16C281548AB00BD50F6 /* YLZRouteCodeCell.swift in Sources */,
				8ECCBE3F2BFC7C8300761070 /* B.swift in Sources */,
				8EA21EB22700596400A9039B /* YLZPaddingLabel.swift in Sources */,
				8E78C81A2814FAEC00D6C59F /* YLZRouteCodeTableHeaderView.swift in Sources */,
				8EAF36932DF986DE00645B1E /* HrssModel.swift in Sources */,
				8E344A7F265BD437008AF1BA /* Array+NSLayoutConstraint.swift in Sources */,
				8E6AD17228164BE800BD50F6 /* YLZRouteCodeCellInfoView.swift in Sources */,
				8EE07B3A27016A66005B0B40 /* YLZView.swift in Sources */,
				8E344A6C265BD03D008AF1BA /* AppTabbarViewController.swift in Sources */,
				8ECCBE3D2BFC7C7800761070 /* A.swift in Sources */,
				8EAF36B02DFAA9FA00645B1E /* HrssAllDoSonTableViewCell.swift in Sources */,
				8EA21E9F27002E4200A9039B /* YLZHealthCodeView.swift in Sources */,
				8EAF36AE2DFAA57B00645B1E /* HrssEasyManCollectionViewCell.swift in Sources */,
				8EA21EA727002E8900A9039B /* YLZHealthCodeCheckTableViewCell.swift in Sources */,
				8EAF36862DF963B900645B1E /* HrssEasyManTableViewCell.swift in Sources */,
				8EFFDA6D282A4A63000EA7D6 /* HiApiConfigPlugin.swift in Sources */,
				8EA21E9D27002E2000A9039B /* YLZHealthCodeViewController.swift in Sources */,
			);
			runOnlyForDeploymentPostprocessing = 0;
		};
/* End PBXSourcesBuildPhase section */

/* Begin PBXVariantGroup section */
		8EFB12E4265BB46D007D9FE1 /* LaunchScreen.storyboard */ = {
			isa = PBXVariantGroup;
			children = (
				8EFB12E5265BB46D007D9FE1 /* Base */,
			);
			name = LaunchScreen.storyboard;
			sourceTree = "<group>";
		};
/* End PBXVariantGroup section */

/* Begin XCBuildConfiguration section */
		8EFB12E8265BB46D007D9FE1 /* Debug */ = {
			isa = XCBuildConfiguration;
			buildSettings = {
				ALWAYS_SEARCH_USER_PATHS = NO;
				CLANG_ANALYZER_NONNULL = YES;
				CLANG_ANALYZER_NUMBER_OBJECT_CONVERSION = YES_AGGRESSIVE;
				CLANG_CXX_LANGUAGE_STANDARD = "gnu++14";
				CLANG_CXX_LIBRARY = "libc++";
				CLANG_ENABLE_MODULES = YES;
				CLANG_ENABLE_OBJC_ARC = YES;
				CLANG_ENABLE_OBJC_WEAK = YES;
				CLANG_WARN_BLOCK_CAPTURE_AUTORELEASING = YES;
				CLANG_WARN_BOOL_CONVERSION = YES;
				CLANG_WARN_COMMA = YES;
				CLANG_WARN_CONSTANT_CONVERSION = YES;
				CLANG_WARN_DEPRECATED_OBJC_IMPLEMENTATIONS = YES;
				CLANG_WARN_DIRECT_OBJC_ISA_USAGE = YES_ERROR;
				CLANG_WARN_DOCUMENTATION_COMMENTS = YES;
				CLANG_WARN_EMPTY_BODY = YES;
				CLANG_WARN_ENUM_CONVERSION = YES;
				CLANG_WARN_INFINITE_RECURSION = YES;
				CLANG_WARN_INT_CONVERSION = YES;
				CLANG_WARN_NON_LITERAL_NULL_CONVERSION = YES;
				CLANG_WARN_OBJC_IMPLICIT_RETAIN_SELF = YES;
				CLANG_WARN_OBJC_LITERAL_CONVERSION = YES;
				CLANG_WARN_OBJC_ROOT_CLASS = YES_ERROR;
				CLANG_WARN_QUOTED_INCLUDE_IN_FRAMEWORK_HEADER = YES;
				CLANG_WARN_RANGE_LOOP_ANALYSIS = YES;
				CLANG_WARN_STRICT_PROTOTYPES = YES;
				CLANG_WARN_SUSPICIOUS_MOVE = YES;
				CLANG_WARN_UNGUARDED_AVAILABILITY = YES_AGGRESSIVE;
				CLANG_WARN_UNREACHABLE_CODE = YES;
				CLANG_WARN__DUPLICATE_METHOD_MATCH = YES;
				COPY_PHASE_STRIP = NO;
				DEBUG_INFORMATION_FORMAT = dwarf;
				ENABLE_STRICT_OBJC_MSGSEND = YES;
				ENABLE_TESTABILITY = YES;
				GCC_C_LANGUAGE_STANDARD = gnu11;
				GCC_DYNAMIC_NO_PIC = NO;
				GCC_NO_COMMON_BLOCKS = YES;
				GCC_OPTIMIZATION_LEVEL = 0;
				GCC_PREPROCESSOR_DEFINITIONS = (
					"DEBUG=1",
					"$(inherited)",
				);
				GCC_WARN_64_TO_32_BIT_CONVERSION = YES;
				GCC_WARN_ABOUT_RETURN_TYPE = YES_ERROR;
				GCC_WARN_UNDECLARED_SELECTOR = YES;
				GCC_WARN_UNINITIALIZED_AUTOS = YES_AGGRESSIVE;
				GCC_WARN_UNUSED_FUNCTION = YES;
				GCC_WARN_UNUSED_VARIABLE = YES;
				IPHONEOS_DEPLOYMENT_TARGET = 14.3;
				MTL_ENABLE_DEBUG_INFO = INCLUDE_SOURCE;
				MTL_FAST_MATH = YES;
				ONLY_ACTIVE_ARCH = YES;
				SDKROOT = iphoneos;
				SWIFT_ACTIVE_COMPILATION_CONDITIONS = DEBUG;
				SWIFT_OPTIMIZATION_LEVEL = "-Onone";
			};
			name = Debug;
		};
		8EFB12E9265BB46D007D9FE1 /* Release */ = {
			isa = XCBuildConfiguration;
			buildSettings = {
				ALWAYS_SEARCH_USER_PATHS = NO;
				CLANG_ANALYZER_NONNULL = YES;
				CLANG_ANALYZER_NUMBER_OBJECT_CONVERSION = YES_AGGRESSIVE;
				CLANG_CXX_LANGUAGE_STANDARD = "gnu++14";
				CLANG_CXX_LIBRARY = "libc++";
				CLANG_ENABLE_MODULES = YES;
				CLANG_ENABLE_OBJC_ARC = YES;
				CLANG_ENABLE_OBJC_WEAK = YES;
				CLANG_WARN_BLOCK_CAPTURE_AUTORELEASING = YES;
				CLANG_WARN_BOOL_CONVERSION = YES;
				CLANG_WARN_COMMA = YES;
				CLANG_WARN_CONSTANT_CONVERSION = YES;
				CLANG_WARN_DEPRECATED_OBJC_IMPLEMENTATIONS = YES;
				CLANG_WARN_DIRECT_OBJC_ISA_USAGE = YES_ERROR;
				CLANG_WARN_DOCUMENTATION_COMMENTS = YES;
				CLANG_WARN_EMPTY_BODY = YES;
				CLANG_WARN_ENUM_CONVERSION = YES;
				CLANG_WARN_INFINITE_RECURSION = YES;
				CLANG_WARN_INT_CONVERSION = YES;
				CLANG_WARN_NON_LITERAL_NULL_CONVERSION = YES;
				CLANG_WARN_OBJC_IMPLICIT_RETAIN_SELF = YES;
				CLANG_WARN_OBJC_LITERAL_CONVERSION = YES;
				CLANG_WARN_OBJC_ROOT_CLASS = YES_ERROR;
				CLANG_WARN_QUOTED_INCLUDE_IN_FRAMEWORK_HEADER = YES;
				CLANG_WARN_RANGE_LOOP_ANALYSIS = YES;
				CLANG_WARN_STRICT_PROTOTYPES = YES;
				CLANG_WARN_SUSPICIOUS_MOVE = YES;
				CLANG_WARN_UNGUARDED_AVAILABILITY = YES_AGGRESSIVE;
				CLANG_WARN_UNREACHABLE_CODE = YES;
				CLANG_WARN__DUPLICATE_METHOD_MATCH = YES;
				COPY_PHASE_STRIP = NO;
				DEBUG_INFORMATION_FORMAT = "dwarf-with-dsym";
				ENABLE_NS_ASSERTIONS = NO;
				ENABLE_STRICT_OBJC_MSGSEND = YES;
				GCC_C_LANGUAGE_STANDARD = gnu11;
				GCC_NO_COMMON_BLOCKS = YES;
				GCC_WARN_64_TO_32_BIT_CONVERSION = YES;
				GCC_WARN_ABOUT_RETURN_TYPE = YES_ERROR;
				GCC_WARN_UNDECLARED_SELECTOR = YES;
				GCC_WARN_UNINITIALIZED_AUTOS = YES_AGGRESSIVE;
				GCC_WARN_UNUSED_FUNCTION = YES;
				GCC_WARN_UNUSED_VARIABLE = YES;
				IPHONEOS_DEPLOYMENT_TARGET = 14.3;
				MTL_ENABLE_DEBUG_INFO = NO;
				MTL_FAST_MATH = YES;
				SDKROOT = iphoneos;
				SWIFT_COMPILATION_MODE = wholemodule;
				SWIFT_OPTIMIZATION_LEVEL = "-O";
				VALIDATE_PRODUCT = YES;
			};
			name = Release;
		};
		8EFB12EB265BB46D007D9FE1 /* Debug */ = {
			isa = XCBuildConfiguration;
			baseConfigurationReference = 3C4D30EB616FAE162F5B05E2 /* Pods-SwiftProject.debug.xcconfig */;
			buildSettings = {
				ASSETCATALOG_COMPILER_APPICON_NAME = AppIcon;
				ASSETCATALOG_COMPILER_GLOBAL_ACCENT_COLOR_NAME = AccentColor;
				CODE_SIGN_ENTITLEMENTS = SwiftProject/SwiftProject.entitlements;
				CODE_SIGN_STYLE = Automatic;
				DEVELOPMENT_TEAM = NZP64V26FR;
				EXCLUDED_ARCHS = "";
				INFOPLIST_FILE = "SwiftProject/Supporting Files/Info.plist";
				IPHONEOS_DEPLOYMENT_TARGET = 14.0;
				LD_RUNPATH_SEARCH_PATHS = (
					"$(inherited)",
					"@executable_path/Frameworks",
				);
				MARKETING_VERSION = 1.0.0;
				PRODUCT_BUNDLE_IDENTIFIER = com.neusoft.ihrss.jx.SwiftProject;
				PRODUCT_NAME = "$(TARGET_NAME)";
				SWIFT_OBJC_BRIDGING_HEADER = "SwiftProject/Supporting Files/SwiftProject-Bridging-Header.h";
				SWIFT_VERSION = 5.0;
				TARGETED_DEVICE_FAMILY = 1;
			};
			name = Debug;
		};
		8EFB12EC265BB46D007D9FE1 /* Release */ = {
			isa = XCBuildConfiguration;
			baseConfigurationReference = 93EE7685A751A02B67AA4915 /* Pods-SwiftProject.release.xcconfig */;
			buildSettings = {
				ASSETCATALOG_COMPILER_APPICON_NAME = AppIcon;
				ASSETCATALOG_COMPILER_GLOBAL_ACCENT_COLOR_NAME = AccentColor;
				CODE_SIGN_ENTITLEMENTS = SwiftProject/SwiftProject.entitlements;
				CODE_SIGN_STYLE = Automatic;
				DEVELOPMENT_TEAM = NZP64V26FR;
				EXCLUDED_ARCHS = "";
				INFOPLIST_FILE = "SwiftProject/Supporting Files/Info.plist";
				IPHONEOS_DEPLOYMENT_TARGET = 14.0;
				LD_RUNPATH_SEARCH_PATHS = (
					"$(inherited)",
					"@executable_path/Frameworks",
				);
				MARKETING_VERSION = 1.0.0;
				PRODUCT_BUNDLE_IDENTIFIER = com.neusoft.ihrss.jx.SwiftProject;
				PRODUCT_NAME = "$(TARGET_NAME)";
				SWIFT_OBJC_BRIDGING_HEADER = "SwiftProject/Supporting Files/SwiftProject-Bridging-Header.h";
				SWIFT_VERSION = 5.0;
				TARGETED_DEVICE_FAMILY = 1;
			};
			name = Release;
		};
/* End XCBuildConfiguration section */

/* Begin XCConfigurationList section */
		8EFB12D1265BB46C007D9FE1 /* Build configuration list for PBXProject "SwiftProject" */ = {
			isa = XCConfigurationList;
			buildConfigurations = (
				8EFB12E8265BB46D007D9FE1 /* Debug */,
				8EFB12E9265BB46D007D9FE1 /* Release */,
			);
			defaultConfigurationIsVisible = 0;
			defaultConfigurationName = Release;
		};
		8EFB12EA265BB46D007D9FE1 /* Build configuration list for PBXNativeTarget "SwiftProject" */ = {
			isa = XCConfigurationList;
			buildConfigurations = (
				8EFB12EB265BB46D007D9FE1 /* Debug */,
				8EFB12EC265BB46D007D9FE1 /* Release */,
			);
			defaultConfigurationIsVisible = 0;
			defaultConfigurationName = Release;
		};
/* End XCConfigurationList section */
	};
	rootObject = 8EFB12CE265BB46C007D9FE1 /* Project object */;
}
